
Microsoft Visual Studio Solution File, Format Version 12.00
# Visual Studio Version 17
VisualStudioVersion = 17.14.36804.6 d17.14
MinimumVisualStudioVersion = 10.0.40219.1
Project("{FAE04EC0-301F-11D3-BF4B-00C04F79EFBC}") = "Admin", "Admin\Admin.csproj", "{AFE82388-C3AD-41A9-B3FC-EC73DCD7FF2C}"
EndProject
Global
	GlobalSection(SolutionConfigurationPlatforms) = preSolution
		Debug|Any CPU = Debug|Any CPU
		Release|Any CPU = Release|Any CPU
	EndGlobalSection
	GlobalSection(ProjectConfigurationPlatforms) = postSolution
		{AFE82388-C3AD-41A9-B3FC-EC73DCD7FF2C}.Debug|Any CPU.ActiveCfg = Debug|Any CPU
		{AFE82388-C3AD-41A9-B3FC-EC73DCD7FF2C}.Debug|Any CPU.Build.0 = Debug|Any CPU
		{AFE82388-C3AD-41A9-B3FC-EC73DCD7FF2C}.Release|Any CPU.ActiveCfg = Release|Any CPU
		{AFE82388-C3AD-41A9-B3FC-EC73DCD7FF2C}.Release|Any CPU.Build.0 = Release|Any CPU
	EndGlobalSection
	GlobalSection(SolutionProperties) = preSolution
		HideSolutionNode = FALSE
	EndGlobalSection
	GlobalSection(ExtensibilityGlobals) = postSolution
		SolutionGuid = {B821724D-A002-4A40-8DA6-68D5FBF6C1E1}
	EndGlobalSection
EndGlobal
